
Microsoft Visual Studio Solution File, Format Version 12.00
# Visual Studio Version 17
VisualStudioVersion = 17.4.33110.190
MinimumVisualStudioVersion = 10.0.40219.1
Project("{FAE04EC0-301F-11D3-BF4B-00C04F79EFBC}") = "LapNhanh", "LapNhanh.csproj", "{AF86DFE8-E564-4639-9BB0-1F63317BC422}"
EndProject
Global
	GlobalSection(SolutionConfigurationPlatforms) = preSolution
		Debug|Any CPU = Debug|Any CPU
		Release|Any CPU = Release|Any CPU
	EndGlobalSection
	GlobalSection(ProjectConfigurationPlatforms) = postSolution
		{AF86DFE8-E564-4639-9BB0-1F63317BC422}.Debug|Any CPU.ActiveCfg = Debug|Any CPU
		{AF86DFE8-E564-4639-9BB0-1F63317BC422}.Debug|Any CPU.Build.0 = Debug|Any CPU
		{AF86DFE8-E564-4639-9BB0-1F63317BC422}.Release|Any CPU.ActiveCfg = Release|Any CPU
		{AF86DFE8-E564-4639-9BB0-1F63317BC422}.Release|Any CPU.Build.0 = Release|Any CPU
	EndGlobalSection
	GlobalSection(SolutionProperties) = preSolution
		HideSolutionNode = FALSE
	EndGlobalSection
	GlobalSection(ExtensibilityGlobals) = postSolution
		SolutionGuid = {66B7A887-4FDB-46EA-A913-EFACC66BBE50}
	EndGlobalSection
EndGlobal
